{
  "name": "opensearch-face-recognition",
  "version": "1.0.0",
  "lockfileVersion": 3,
  "requires": true,
  "packages": {
    "": {
      "name": "opensearch-face-recognition",
      "version": "1.0.0",
      "license": "MIT",
      "devDependencies": {
        "aws-cdk": "^2.100.0"
      }
    },
    "node_modules/aws-cdk": {
      "version": "2.1024.0",
      "dev": true,
      "license": "Apache-2.0",
      "bin": {
        "cdk": "bin/cdk"
      },
      "engines": {
        "node": ">= 18.0.0"
      },
      "optionalDependencies": {
        "fsevents": "2.3.2"
      }
    }
  }
}
